
Microsoft Visual Studio Solution File, Format Version 12.00
# Visual Studio Version 16
VisualStudioVersion = 16.0.28803.352
MinimumVisualStudioVersion = 10.0.40219.1
Project("{FAE04EC0-301F-11D3-BF4B-00C04F79EFBC}") = "WebApplication1", "WebApplication1\WebApplication1.csproj", "{7EC2C7D5-B024-42A1-B9CC-B0B296FD8FDE}"
EndProject
Project("{FAE04EC0-301F-11D3-BF4B-00C04F79EFBC}") = "FrontEnd1", "FrontEnd1\FrontEnd1.csproj", "{F1FD48D8-3BF8-4D5C-B16D-F678E33BC3A3}"
EndProject
Global
	GlobalSection(SolutionConfigurationPlatforms) = preSolution
		Debug|Any CPU = Debug|Any CPU
		Release|Any CPU = Release|Any CPU
	EndGlobalSection
	GlobalSection(ProjectConfigurationPlatforms) = postSolution
		{7EC2C7D5-B024-42A1-B9CC-B0B296FD8FDE}.Debug|Any CPU.ActiveCfg = Debug|Any CPU
		{7EC2C7D5-B024-42A1-B9CC-B0B296FD8FDE}.Debug|Any CPU.Build.0 = Debug|Any CPU
		{7EC2C7D5-B024-42A1-B9CC-B0B296FD8FDE}.Release|Any CPU.ActiveCfg = Release|Any CPU
		{7EC2C7D5-B024-42A1-B9CC-B0B296FD8FDE}.Release|Any CPU.Build.0 = Release|Any CPU
		{F1FD48D8-3BF8-4D5C-B16D-F678E33BC3A3}.Debug|Any CPU.ActiveCfg = Debug|Any CPU
		{F1FD48D8-3BF8-4D5C-B16D-F678E33BC3A3}.Debug|Any CPU.Build.0 = Debug|Any CPU
		{F1FD48D8-3BF8-4D5C-B16D-F678E33BC3A3}.Release|Any CPU.ActiveCfg = Release|Any CPU
		{F1FD48D8-3BF8-4D5C-B16D-F678E33BC3A3}.Release|Any CPU.Build.0 = Release|Any CPU
	EndGlobalSection
	GlobalSection(SolutionProperties) = preSolution
		HideSolutionNode = FALSE
	EndGlobalSection
	GlobalSection(ExtensibilityGlobals) = postSolution
		SolutionGuid = {75D6CB48-C74E-4732-B1CB-42A70239718C}
	EndGlobalSection
EndGlobal
